
Microsoft Visual Studio Solution File, Format Version 12.00
# Visual Studio 15
VisualStudioVersion = 15.0.27130.2027
MinimumVisualStudioVersion = 10.0.40219.1
Project("{FAE04EC0-301F-11D3-BF4B-00C04F79EFBC}") = "CryptThor", "CryptThor.csproj", "{7E868505-C234-4BAC-9CA3-B652C22B0EEF}"
EndProject
Global
	GlobalSection(SolutionConfigurationPlatforms) = preSolution
		Debug|Any CPU = Debug|Any CPU
		Release|Any CPU = Release|Any CPU
	EndGlobalSection
	GlobalSection(ProjectConfigurationPlatforms) = postSolution
		{7E868505-C234-4BAC-9CA3-B652C22B0EEF}.Debug|Any CPU.ActiveCfg = Debug|Any CPU
		{7E868505-C234-4BAC-9CA3-B652C22B0EEF}.Debug|Any CPU.Build.0 = Debug|Any CPU
		{7E868505-C234-4BAC-9CA3-B652C22B0EEF}.Release|Any CPU.ActiveCfg = Release|Any CPU
		{7E868505-C234-4BAC-9CA3-B652C22B0EEF}.Release|Any CPU.Build.0 = Release|Any CPU
	EndGlobalSection
	GlobalSection(SolutionProperties) = preSolution
		HideSolutionNode = FALSE
	EndGlobalSection
	GlobalSection(ExtensibilityGlobals) = postSolution
		SolutionGuid = {66E92E86-FB6D-4ED4-B734-13C8E8D790ED}
	EndGlobalSection
EndGlobal
